// !$*UTF8*$!
{
	archiveVersion = 1;
	classes = {
	};
	objectVersion = 50;
	objects = {

/* Begin PBXBuildFile section */
		C8DFDBF12403830D00F59A17 /* AppDelegate.swift in Sources */ = {isa = PBXBuildFile; fileRef = C8DFDBF02403830D00F59A17 /* AppDelegate.swift */; };
		C8DFDBF32403830D00F59A17 /* SceneDelegate.swift in Sources */ = {isa = PBXBuildFile; fileRef = C8DFDBF22403830D00F59A17 /* SceneDelegate.swift */; };
		C8DFDBF52403830D00F59A17 /* ContentView.swift in Sources */ = {isa = PBXBuildFile; fileRef = C8DFDBF42403830D00F59A17 /* ContentView.swift */; };
		C8DFDBF72403831200F59A17 /* Assets.xcassets in Resources */ = {isa = PBXBuildFile; fileRef = C8DFDBF62403831200F59A17 /* Assets.xcassets */; };
		C8DFDBFA2403831200F59A17 /* Preview Assets.xcassets in Resources */ = {isa = PBXBuildFile; fileRef = C8DFDBF92403831200F59A17 /* Preview Assets.xcassets */; };
		C8DFDBFD2403831200F59A17 /* LaunchScreen.storyboard in Resources */ = {isa = PBXBuildFile; fileRef = C8DFDBFB2403831200F59A17 /* LaunchScreen.storyboard */; };
		C8DFDC082403831200F59A17 /* NavigationViewTests.swift in Sources */ = {isa = PBXBuildFile; fileRef = C8DFDC072403831200F59A17 /* NavigationViewTests.swift */; };
		C8DFDC132403831200F59A17 /* NavigationViewUITests.swift in Sources */ = {isa = PBXBuildFile; fileRef = C8DFDC122403831200F59A17 /* NavigationViewUITests.swift */; };
		C8DFDC2124038F2300F59A17 /* Home.swift in Sources */ = {isa = PBXBuildFile; fileRef = C8DFDC2024038F2300F59A17 /* Home.swift */; };
		C8DFDC23240392A500F59A17 /* SecondView.swift in Sources */ = {isa = PBXBuildFile; fileRef = C8DFDC22240392A500F59A17 /* SecondView.swift */; };
		C8DFDC25240395A300F59A17 /* FirstView.swift in Sources */ = {isa = PBXBuildFile; fileRef = C8DFDC24240395A300F59A17 /* FirstView.swift */; };
/* End PBXBuildFile section */

/* Begin PBXContainerItemProxy section */
		C8DFDC042403831200F59A17 /* PBXContainerItemProxy */ = {
			isa = PBXContainerItemProxy;
			containerPortal = C8DFDBE52403830D00F59A17 /* Project object */;
			proxyType = 1;
			remoteGlobalIDString = C8DFDBEC2403830D00F59A17;
			remoteInfo = NavigationView;
		};
		C8DFDC0F2403831200F59A17 /* PBXContainerItemProxy */ = {
			isa = PBXContainerItemProxy;
			containerPortal = C8DFDBE52403830D00F59A17 /* Project object */;
			proxyType = 1;
			remoteGlobalIDString = C8DFDBEC2403830D00F59A17;
			remoteInfo = NavigationView;
		};
/* End PBXContainerItemProxy section */

/* Begin PBXFileReference section */
		C8DFDBED2403830D00F59A17 /* NavigationView.app */ = {isa = PBXFileReference; explicitFileType = wrapper.application; includeInIndex = 0; path = NavigationView.app; sourceTree = BUILT_PRODUCTS_DIR; };
		C8DFDBF02403830D00F59A17 /* AppDelegate.swift */ = {isa = PBXFileReference; lastKnownFileType = sourcecode.swift; path = AppDelegate.swift; sourceTree = "<group>"; };
		C8DFDBF22403830D00F59A17 /* SceneDelegate.swift */ = {isa = PBXFileReference; lastKnownFileType = sourcecode.swift; path = SceneDelegate.swift; sourceTree = "<group>"; };
		C8DFDBF42403830D00F59A17 /* ContentView.swift */ = {isa = PBXFileReference; lastKnownFileType = sourcecode.swift; path = ContentView.swift; sourceTree = "<group>"; };
		C8DFDBF62403831200F59A17 /* Assets.xcassets */ = {isa = PBXFileReference; lastKnownFileType = folder.assetcatalog; path = Assets.xcassets; sourceTree = "<group>"; };
		C8DFDBF92403831200F59A17 /* Preview Assets.xcassets */ = {isa = PBXFileReference; lastKnownFileType = folder.assetcatalog; path = "Preview Assets.xcassets"; sourceTree = "<group>"; };
		C8DFDBFC2403831200F59A17 /* Base */ = {isa = PBXFileReference; lastKnownFileType = file.storyboard; name = Base; path = Base.lproj/LaunchScreen.storyboard; sourceTree = "<group>"; };
		C8DFDBFE2403831200F59A17 /* Info.plist */ = {isa = PBXFileReference; lastKnownFileType = text.plist.xml; path = Info.plist; sourceTree = "<group>"; };
		C8DFDC032403831200F59A17 /* NavigationViewTests.xctest */ = {isa = PBXFileReference; explicitFileType = wrapper.cfbundle; includeInIndex = 0; path = NavigationViewTests.xctest; sourceTree = BUILT_PRODUCTS_DIR; };
		C8DFDC072403831200F59A17 /* NavigationViewTests.swift */ = {isa = PBXFileReference; lastKnownFileType = sourcecode.swift; path = NavigationViewTests.swift; sourceTree = "<group>"; };
		C8DFDC092403831200F59A17 /* Info.plist */ = {isa = PBXFileReference; lastKnownFileType = text.plist.xml; path = Info.plist; sourceTree = "<group>"; };
		C8DFDC0E2403831200F59A17 /* NavigationViewUITests.xctest */ = {isa = PBXFileReference; explicitFileType = wrapper.cfbundle; includeInIndex = 0; path = NavigationViewUITests.xctest; sourceTree = BUILT_PRODUCTS_DIR; };
		C8DFDC122403831200F59A17 /* NavigationViewUITests.swift */ = {isa = PBXFileReference; lastKnownFileType = sourcecode.swift; path = NavigationViewUITests.swift; sourceTree = "<group>"; };
		C8DFDC142403831200F59A17 /* Info.plist */ = {isa = PBXFileReference; lastKnownFileType = text.plist.xml; path = Info.plist; sourceTree = "<group>"; };
		C8DFDC2024038F2300F59A17 /* Home.swift */ = {isa = PBXFileReference; lastKnownFileType = sourcecode.swift; path = Home.swift; sourceTree = "<group>"; };
		C8DFDC22240392A500F59A17 /* SecondView.swift */ = {isa = PBXFileReference; lastKnownFileType = sourcecode.swift; path = SecondView.swift; sourceTree = "<group>"; };
		C8DFDC24240395A300F59A17 /* FirstView.swift */ = {isa = PBXFileReference; lastKnownFileType = sourcecode.swift; path = FirstView.swift; sourceTree = "<group>"; };
/* End PBXFileReference section */

/* Begin PBXFrameworksBuildPhase section */
		C8DFDBEA2403830D00F59A17 /* Frameworks */ = {
			isa = PBXFrameworksBuildPhase;
			buildActionMask = 2147483647;
			files = (
			);
			runOnlyForDeploymentPostprocessing = 0;
		};
		C8DFDC002403831200F59A17 /* Frameworks */ = {
			isa = PBXFrameworksBuildPhase;
			buildActionMask = 2147483647;
			files = (
			);
			runOnlyForDeploymentPostprocessing = 0;
		};
		C8DFDC0B2403831200F59A17 /* Frameworks */ = {
			isa = PBXFrameworksBuildPhase;
			buildActionMask = 2147483647;
			files = (
			);
			runOnlyForDeploymentPostprocessing = 0;
		};
/* End PBXFrameworksBuildPhase section */

/* Begin PBXGroup section */
		C8DFDBE42403830D00F59A17 = {
			isa = PBXGroup;
			children = (
				C8DFDC24240395A300F59A17 /* FirstView.swift */,
				C8DFDC2024038F2300F59A17 /* Home.swift */,
				C8DFDC22240392A500F59A17 /* SecondView.swift */,
				C8DFDBEF2403830D00F59A17 /* NavigationView */,
				C8DFDC062403831200F59A17 /* NavigationViewTests */,
				C8DFDC112403831200F59A17 /* NavigationViewUITests */,
				C8DFDBEE2403830D00F59A17 /* Products */,
			);
			sourceTree = "<group>";
		};
		C8DFDBEE2403830D00F59A17 /* Products */ = {
			isa = PBXGroup;
			children = (
				C8DFDBED2403830D00F59A17 /* NavigationView.app */,
				C8DFDC032403831200F59A17 /* NavigationViewTests.xctest */,
				C8DFDC0E2403831200F59A17 /* NavigationViewUITests.xctest */,
			);
			name = Products;
			sourceTree = "<group>";
		};
		C8DFDBEF2403830D00F59A17 /* NavigationView */ = {
			isa = PBXGroup;
			children = (
				C8DFDBF02403830D00F59A17 /* AppDelegate.swift */,
				C8DFDBF22403830D00F59A17 /* SceneDelegate.swift */,
				C8DFDBF42403830D00F59A17 /* ContentView.swift */,
				C8DFDBF62403831200F59A17 /* Assets.xcassets */,
				C8DFDBFB2403831200F59A17 /* LaunchScreen.storyboard */,
				C8DFDBFE2403831200F59A17 /* Info.plist */,
				C8DFDBF82403831200F59A17 /* Preview Content */,
			);
			path = NavigationView;
			sourceTree = "<group>";
		};
		C8DFDBF82403831200F59A17 /* Preview Content */ = {
			isa = PBXGroup;
			children = (
				C8DFDBF92403831200F59A17 /* Preview Assets.xcassets */,
			);
			path = "Preview Content";
			sourceTree = "<group>";
		};
		C8DFDC062403831200F59A17 /* NavigationViewTests */ = {
			isa = PBXGroup;
			children = (
				C8DFDC072403831200F59A17 /* NavigationViewTests.swift */,
				C8DFDC092403831200F59A17 /* Info.plist */,
			);
			path = NavigationViewTests;
			sourceTree = "<group>";
		};
		C8DFDC112403831200F59A17 /* NavigationViewUITests */ = {
			isa = PBXGroup;
			children = (
				C8DFDC122403831200F59A17 /* NavigationViewUITests.swift */,
				C8DFDC142403831200F59A17 /* Info.plist */,
			);
			path = NavigationViewUITests;
			sourceTree = "<group>";
		};
/* End PBXGroup section */

/* Begin PBXNativeTarget section */
		C8DFDBEC2403830D00F59A17 /* NavigationView */ = {
			isa = PBXNativeTarget;
			buildConfigurationList = C8DFDC172403831200F59A17 /* Build configuration list for PBXNativeTarget "NavigationView" */;
			buildPhases = (
				C8DFDBE92403830D00F59A17 /* Sources */,
				C8DFDBEA2403830D00F59A17 /* Frameworks */,
				C8DFDBEB2403830D00F59A17 /* Resources */,
			);
			buildRules = (
			);
			dependencies = (
			);
			name = NavigationView;
			productName = NavigationView;
			productReference = C8DFDBED2403830D00F59A17 /* NavigationView.app */;
			productType = "com.apple.product-type.application";
		};
		C8DFDC022403831200F59A17 /* NavigationViewTests */ = {
			isa = PBXNativeTarget;
			buildConfigurationList = C8DFDC1A2403831200F59A17 /* Build configuration list for PBXNativeTarget "NavigationViewTests" */;
			buildPhases = (
				C8DFDBFF2403831200F59A17 /* Sources */,
				C8DFDC002403831200F59A17 /* Frameworks */,
				C8DFDC012403831200F59A17 /* Resources */,
			);
			buildRules = (
			);
			dependencies = (
				C8DFDC052403831200F59A17 /* PBXTargetDependency */,
			);
			name = NavigationViewTests;
			productName = NavigationViewTests;
			productReference = C8DFDC032403831200F59A17 /* NavigationViewTests.xctest */;
			productType = "com.apple.product-type.bundle.unit-test";
		};
		C8DFDC0D2403831200F59A17 /* NavigationViewUITests */ = {
			isa = PBXNativeTarget;
			buildConfigurationList = C8DFDC1D2403831200F59A17 /* Build configuration list for PBXNativeTarget "NavigationViewUITests" */;
			buildPhases = (
				C8DFDC0A2403831200F59A17 /* Sources */,
				C8DFDC0B2403831200F59A17 /* Frameworks */,
				C8DFDC0C2403831200F59A17 /* Resources */,
			);
			buildRules = (
			);
			dependencies = (
				C8DFDC102403831200F59A17 /* PBXTargetDependency */,
			);
			name = NavigationViewUITests;
			productName = NavigationViewUITests;
			productReference = C8DFDC0E2403831200F59A17 /* NavigationViewUITests.xctest */;
			productType = "com.apple.product-type.bundle.ui-testing";
		};
/* End PBXNativeTarget section */

/* Begin PBXProject section */
		C8DFDBE52403830D00F59A17 /* Project object */ = {
			isa = PBXProject;
			attributes = {
				LastSwiftUpdateCheck = 1130;
				LastUpgradeCheck = 1130;
				ORGANIZATIONNAME = "Arpit Lokwani";
				TargetAttributes = {
					C8DFDBEC2403830D00F59A17 = {
						CreatedOnToolsVersion = 11.3.1;
					};
					C8DFDC022403831200F59A17 = {
						CreatedOnToolsVersion = 11.3.1;
						TestTargetID = C8DFDBEC2403830D00F59A17;
					};
					C8DFDC0D2403831200F59A17 = {
						CreatedOnToolsVersion = 11.3.1;
						TestTargetID = C8DFDBEC2403830D00F59A17;
					};
				};
			};
			buildConfigurationList = C8DFDBE82403830D00F59A17 /* Build configuration list for PBXProject "NavigationView" */;
			compatibilityVersion = "Xcode 9.3";
			developmentRegion = en;
			hasScannedForEncodings = 0;
			knownRegions = (
				en,
				Base,
			);
			mainGroup = C8DFDBE42403830D00F59A17;
			productRefGroup = C8DFDBEE2403830D00F59A17 /* Products */;
			projectDirPath = "";
			projectRoot = "";
			targets = (
				C8DFDBEC2403830D00F59A17 /* NavigationView */,
				C8DFDC022403831200F59A17 /* NavigationViewTests */,
				C8DFDC0D2403831200F59A17 /* NavigationViewUITests */,
			);
		};
/* End PBXProject section */

/* Begin PBXResourcesBuildPhase section */
		C8DFDBEB2403830D00F59A17 /* Resources */ = {
			isa = PBXResourcesBuildPhase;
			buildActionMask = 2147483647;
			files = (
				C8DFDBFD2403831200F59A17 /* LaunchScreen.storyboard in Resources */,
				C8DFDBFA2403831200F59A17 /* Preview Assets.xcassets in Resources */,
				C8DFDBF72403831200F59A17 /* Assets.xcassets in Resources */,
			);
			runOnlyForDeploymentPostprocessing = 0;
		};
		C8DFDC012403831200F59A17 /* Resources */ = {
			isa = PBXResourcesBuildPhase;
			buildActionMask = 2147483647;
			files = (
			);
			runOnlyForDeploymentPostprocessing = 0;
		};
		C8DFDC0C2403831200F59A17 /* Resources */ = {
			isa = PBXResourcesBuildPhase;
			buildActionMask = 2147483647;
			files = (
			);
			runOnlyForDeploymentPostprocessing = 0;
		};
/* End PBXResourcesBuildPhase section */

/* Begin PBXSourcesBuildPhase section */
		C8DFDBE92403830D00F59A17 /* Sources */ = {
			isa = PBXSourcesBuildPhase;
			buildActionMask = 2147483647;
			files = (
				C8DFDBF12403830D00F59A17 /* AppDelegate.swift in Sources */,
				C8DFDC25240395A300F59A17 /* FirstView.swift in Sources */,
				C8DFDC23240392A500F59A17 /* SecondView.swift in Sources */,
				C8DFDBF32403830D00F59A17 /* SceneDelegate.swift in Sources */,
				C8DFDC2124038F2300F59A17 /* Home.swift in Sources */,
				C8DFDBF52403830D00F59A17 /* ContentView.swift in Sources */,
			);
			runOnlyForDeploymentPostprocessing = 0;
		};
		C8DFDBFF2403831200F59A17 /* Sources */ = {
			isa = PBXSourcesBuildPhase;
			buildActionMask = 2147483647;
			files = (
				C8DFDC082403831200F59A17 /* NavigationViewTests.swift in Sources */,
			);
			runOnlyForDeploymentPostprocessing = 0;
		};
		C8DFDC0A2403831200F59A17 /* Sources */ = {
			isa = PBXSourcesBuildPhase;
			buildActionMask = 2147483647;
			files = (
				C8DFDC132403831200F59A17 /* NavigationViewUITests.swift in Sources */,
			);
			runOnlyForDeploymentPostprocessing = 0;
		};
/* End PBXSourcesBuildPhase section */

/* Begin PBXTargetDependency section */
		C8DFDC052403831200F59A17 /* PBXTargetDependency */ = {
			isa = PBXTargetDependency;
			target = C8DFDBEC2403830D00F59A17 /* NavigationView */;
			targetProxy = C8DFDC042403831200F59A17 /* PBXContainerItemProxy */;
		};
		C8DFDC102403831200F59A17 /* PBXTargetDependency */ = {
			isa = PBXTargetDependency;
			target = C8DFDBEC2403830D00F59A17 /* NavigationView */;
			targetProxy = C8DFDC0F2403831200F59A17 /* PBXContainerItemProxy */;
		};
/* End PBXTargetDependency section */

/* Begin PBXVariantGroup section */
		C8DFDBFB2403831200F59A17 /* LaunchScreen.storyboard */ = {
			isa = PBXVariantGroup;
			children = (
				C8DFDBFC2403831200F59A17 /* Base */,
			);
			name = LaunchScreen.storyboard;
			sourceTree = "<group>";
		};
/* End PBXVariantGroup section */

/* Begin XCBuildConfiguration section */
		C8DFDC152403831200F59A17 /* Debug */ = {
			isa = XCBuildConfiguration;
			buildSettings = {
				ALWAYS_SEARCH_USER_PATHS = NO;
				CLANG_ANALYZER_NONNULL = YES;
				CLANG_ANALYZER_NUMBER_OBJECT_CONVERSION = YES_AGGRESSIVE;
				CLANG_CXX_LANGUAGE_STANDARD = "gnu++14";
				CLANG_CXX_LIBRARY = "libc++";
				CLANG_ENABLE_MODULES = YES;
				CLANG_ENABLE_OBJC_ARC = YES;
				CLANG_ENABLE_OBJC_WEAK = YES;
				CLANG_WARN_BLOCK_CAPTURE_AUTORELEASING = YES;
				CLANG_WARN_BOOL_CONVERSION = YES;
				CLANG_WARN_COMMA = YES;
				CLANG_WARN_CONSTANT_CONVERSION = YES;
				CLANG_WARN_DEPRECATED_OBJC_IMPLEMENTATIONS = YES;
				CLANG_WARN_DIRECT_OBJC_ISA_USAGE = YES_ERROR;
				CLANG_WARN_DOCUMENTATION_COMMENTS = YES;
				CLANG_WARN_EMPTY_BODY = YES;
				CLANG_WARN_ENUM_CONVERSION = YES;
				CLANG_WARN_INFINITE_RECURSION = YES;
				CLANG_WARN_INT_CONVERSION = YES;
				CLANG_WARN_NON_LITERAL_NULL_CONVERSION = YES;
				CLANG_WARN_OBJC_IMPLICIT_RETAIN_SELF = YES;
				CLANG_WARN_OBJC_LITERAL_CONVERSION = YES;
				CLANG_WARN_OBJC_ROOT_CLASS = YES_ERROR;
				CLANG_WARN_RANGE_LOOP_ANALYSIS = YES;
				CLANG_WARN_STRICT_PROTOTYPES = YES;
				CLANG_WARN_SUSPICIOUS_MOVE = YES;
				CLANG_WARN_UNGUARDED_AVAILABILITY = YES_AGGRESSIVE;
				CLANG_WARN_UNREACHABLE_CODE = YES;
				CLANG_WARN__DUPLICATE_METHOD_MATCH = YES;
				COPY_PHASE_STRIP = NO;
				DEBUG_INFORMATION_FORMAT = dwarf;
				ENABLE_STRICT_OBJC_MSGSEND = YES;
				ENABLE_TESTABILITY = YES;
				GCC_C_LANGUAGE_STANDARD = gnu11;
				GCC_DYNAMIC_NO_PIC = NO;
				GCC_NO_COMMON_BLOCKS = YES;
				GCC_OPTIMIZATION_LEVEL = 0;
				GCC_PREPROCESSOR_DEFINITIONS = (
					"DEBUG=1",
					"$(inherited)",
				);
				GCC_WARN_64_TO_32_BIT_CONVERSION = YES;
				GCC_WARN_ABOUT_RETURN_TYPE = YES_ERROR;
				GCC_WARN_UNDECLARED_SELECTOR = YES;
				GCC_WARN_UNINITIALIZED_AUTOS = YES_AGGRESSIVE;
				GCC_WARN_UNUSED_FUNCTION = YES;
				GCC_WARN_UNUSED_VARIABLE = YES;
				IPHONEOS_DEPLOYMENT_TARGET = 13.2;
				MTL_ENABLE_DEBUG_INFO = INCLUDE_SOURCE;
				MTL_FAST_MATH = YES;
				ONLY_ACTIVE_ARCH = YES;
				SDKROOT = iphoneos;
				SWIFT_ACTIVE_COMPILATION_CONDITIONS = DEBUG;
				SWIFT_OPTIMIZATION_LEVEL = "-Onone";
			};
			name = Debug;
		};
		C8DFDC162403831200F59A17 /* Release */ = {
			isa = XCBuildConfiguration;
			buildSettings = {
				ALWAYS_SEARCH_USER_PATHS = NO;
				CLANG_ANALYZER_NONNULL = YES;
				CLANG_ANALYZER_NUMBER_OBJECT_CONVERSION = YES_AGGRESSIVE;
				CLANG_CXX_LANGUAGE_STANDARD = "gnu++14";
				CLANG_CXX_LIBRARY = "libc++";
				CLANG_ENABLE_MODULES = YES;
				CLANG_ENABLE_OBJC_ARC = YES;
				CLANG_ENABLE_OBJC_WEAK = YES;
				CLANG_WARN_BLOCK_CAPTURE_AUTORELEASING = YES;
				CLANG_WARN_BOOL_CONVERSION = YES;
				CLANG_WARN_COMMA = YES;
				CLANG_WARN_CONSTANT_CONVERSION = YES;
				CLANG_WARN_DEPRECATED_OBJC_IMPLEMENTATIONS = YES;
				CLANG_WARN_DIRECT_OBJC_ISA_USAGE = YES_ERROR;
				CLANG_WARN_DOCUMENTATION_COMMENTS = YES;
				CLANG_WARN_EMPTY_BODY = YES;
				CLANG_WARN_ENUM_CONVERSION = YES;
				CLANG_WARN_INFINITE_RECURSION = YES;
				CLANG_WARN_INT_CONVERSION = YES;
				CLANG_WARN_NON_LITERAL_NULL_CONVERSION = YES;
				CLANG_WARN_OBJC_IMPLICIT_RETAIN_SELF = YES;
				CLANG_WARN_OBJC_LITERAL_CONVERSION = YES;
				CLANG_WARN_OBJC_ROOT_CLASS = YES_ERROR;
				CLANG_WARN_RANGE_LOOP_ANALYSIS = YES;
				CLANG_WARN_STRICT_PROTOTYPES = YES;
				CLANG_WARN_SUSPICIOUS_MOVE = YES;
				CLANG_WARN_UNGUARDED_AVAILABILITY = YES_AGGRESSIVE;
				CLANG_WARN_UNREACHABLE_CODE = YES;
				CLANG_WARN__DUPLICATE_METHOD_MATCH = YES;
				COPY_PHASE_STRIP = NO;
				DEBUG_INFORMATION_FORMAT = "dwarf-with-dsym";
				ENABLE_NS_ASSERTIONS = NO;
				ENABLE_STRICT_OBJC_MSGSEND = YES;
				GCC_C_LANGUAGE_STANDARD = gnu11;
				GCC_NO_COMMON_BLOCKS = YES;
				GCC_WARN_64_TO_32_BIT_CONVERSION = YES;
				GCC_WARN_ABOUT_RETURN_TYPE = YES_ERROR;
				GCC_WARN_UNDECLARED_SELECTOR = YES;
				GCC_WARN_UNINITIALIZED_AUTOS = YES_AGGRESSIVE;
				GCC_WARN_UNUSED_FUNCTION = YES;
				GCC_WARN_UNUSED_VARIABLE = YES;
				IPHONEOS_DEPLOYMENT_TARGET = 13.2;
				MTL_ENABLE_DEBUG_INFO = NO;
				MTL_FAST_MATH = YES;
				SDKROOT = iphoneos;
				SWIFT_COMPILATION_MODE = wholemodule;
				SWIFT_OPTIMIZATION_LEVEL = "-O";
				VALIDATE_PRODUCT = YES;
			};
			name = Release;
		};
		C8DFDC182403831200F59A17 /* Debug */ = {
			isa = XCBuildConfiguration;
			buildSettings = {
				ASSETCATALOG_COMPILER_APPICON_NAME = AppIcon;
				CODE_SIGN_STYLE = Automatic;
				DEVELOPMENT_ASSET_PATHS = "\"NavigationView/Preview Content\"";
				ENABLE_PREVIEWS = YES;
				INFOPLIST_FILE = NavigationView/Info.plist;
				LD_RUNPATH_SEARCH_PATHS = (
					"$(inherited)",
					"@executable_path/Frameworks",
				);
				PRODUCT_BUNDLE_IDENTIFIER = com.arpit.NavigationView;
				PRODUCT_NAME = "$(TARGET_NAME)";
				SWIFT_VERSION = 5.0;
				TARGETED_DEVICE_FAMILY = "1,2";
			};
			name = Debug;
		};
		C8DFDC192403831200F59A17 /* Release */ = {
			isa = XCBuildConfiguration;
			buildSettings = {
				ASSETCATALOG_COMPILER_APPICON_NAME = AppIcon;
				CODE_SIGN_STYLE = Automatic;
				DEVELOPMENT_ASSET_PATHS = "\"NavigationView/Preview Content\"";
				ENABLE_PREVIEWS = YES;
				INFOPLIST_FILE = NavigationView/Info.plist;
				LD_RUNPATH_SEARCH_PATHS = (
					"$(inherited)",
					"@executable_path/Frameworks",
				);
				PRODUCT_BUNDLE_IDENTIFIER = com.arpit.NavigationView;
				PRODUCT_NAME = "$(TARGET_NAME)";
				SWIFT_VERSION = 5.0;
				TARGETED_DEVICE_FAMILY = "1,2";
			};
			name = Release;
		};
		C8DFDC1B2403831200F59A17 /* Debug */ = {
			isa = XCBuildConfiguration;
			buildSettings = {
				ALWAYS_EMBED_SWIFT_STANDARD_LIBRARIES = YES;
				BUNDLE_LOADER = "$(TEST_HOST)";
				CODE_SIGN_STYLE = Automatic;
				INFOPLIST_FILE = NavigationViewTests/Info.plist;
				IPHONEOS_DEPLOYMENT_TARGET = 13.2;
				LD_RUNPATH_SEARCH_PATHS = (
					"$(inherited)",
					"@executable_path/Frameworks",
					"@loader_path/Frameworks",
				);
				PRODUCT_BUNDLE_IDENTIFIER = com.arpit.NavigationViewTests;
				PRODUCT_NAME = "$(TARGET_NAME)";
				SWIFT_VERSION = 5.0;
				TARGETED_DEVICE_FAMILY = "1,2";
				TEST_HOST = "$(BUILT_PRODUCTS_DIR)/NavigationView.app/NavigationView";
			};
			name = Debug;
		};
		C8DFDC1C2403831200F59A17 /* Release */ = {
			isa = XCBuildConfiguration;
			buildSettings = {
				ALWAYS_EMBED_SWIFT_STANDARD_LIBRARIES = YES;
				BUNDLE_LOADER = "$(TEST_HOST)";
				CODE_SIGN_STYLE = Automatic;
				INFOPLIST_FILE = NavigationViewTests/Info.plist;
				IPHONEOS_DEPLOYMENT_TARGET = 13.2;
				LD_RUNPATH_SEARCH_PATHS = (
					"$(inherited)",
					"@executable_path/Frameworks",
					"@loader_path/Frameworks",
				);
				PRODUCT_BUNDLE_IDENTIFIER = com.arpit.NavigationViewTests;
				PRODUCT_NAME = "$(TARGET_NAME)";
				SWIFT_VERSION = 5.0;
				TARGETED_DEVICE_FAMILY = "1,2";
				TEST_HOST = "$(BUILT_PRODUCTS_DIR)/NavigationView.app/NavigationView";
			};
			name = Release;
		};
		C8DFDC1E2403831200F59A17 /* Debug */ = {
			isa = XCBuildConfiguration;
			buildSettings = {
				ALWAYS_EMBED_SWIFT_STANDARD_LIBRARIES = YES;
				CODE_SIGN_STYLE = Automatic;
				INFOPLIST_FILE = NavigationViewUITests/Info.plist;
				LD_RUNPATH_SEARCH_PATHS = (
					"$(inherited)",
					"@executable_path/Frameworks",
					"@loader_path/Frameworks",
				);
				PRODUCT_BUNDLE_IDENTIFIER = com.arpit.NavigationViewUITests;
				PRODUCT_NAME = "$(TARGET_NAME)";
				SWIFT_VERSION = 5.0;
				TARGETED_DEVICE_FAMILY = "1,2";
				TEST_TARGET_NAME = NavigationView;
			};
			name = Debug;
		};
		C8DFDC1F2403831200F59A17 /* Release */ = {
			isa = XCBuildConfiguration;
			buildSettings = {
				ALWAYS_EMBED_SWIFT_STANDARD_LIBRARIES = YES;
				CODE_SIGN_STYLE = Automatic;
				INFOPLIST_FILE = NavigationViewUITests/Info.plist;
				LD_RUNPATH_SEARCH_PATHS = (
					"$(inherited)",
					"@executable_path/Frameworks",
					"@loader_path/Frameworks",
				);
				PRODUCT_BUNDLE_IDENTIFIER = com.arpit.NavigationViewUITests;
				PRODUCT_NAME = "$(TARGET_NAME)";
				SWIFT_VERSION = 5.0;
				TARGETED_DEVICE_FAMILY = "1,2";
				TEST_TARGET_NAME = NavigationView;
			};
			name = Release;
		};
/* End XCBuildConfiguration section */

/* Begin XCConfigurationList section */
		C8DFDBE82403830D00F59A17 /* Build configuration list for PBXProject "NavigationView" */ = {
			isa = XCConfigurationList;
			buildConfigurations = (
				C8DFDC152403831200F59A17 /* Debug */,
				C8DFDC162403831200F59A17 /* Release */,
			);
			defaultConfigurationIsVisible = 0;
			defaultConfigurationName = Release;
		};
		C8DFDC172403831200F59A17 /* Build configuration list for PBXNativeTarget "NavigationView" */ = {
			isa = XCConfigurationList;
			buildConfigurations = (
				C8DFDC182403831200F59A17 /* Debug */,
				C8DFDC192403831200F59A17 /* Release */,
			);
			defaultConfigurationIsVisible = 0;
			defaultConfigurationName = Release;
		};
		C8DFDC1A2403831200F59A17 /* Build configuration list for PBXNativeTarget "NavigationViewTests" */ = {
			isa = XCConfigurationList;
			buildConfigurations = (
				C8DFDC1B2403831200F59A17 /* Debug */,
				C8DFDC1C2403831200F59A17 /* Release */,
			);
			defaultConfigurationIsVisible = 0;
			defaultConfigurationName = Release;
		};
		C8DFDC1D2403831200F59A17 /* Build configuration list for PBXNativeTarget "NavigationViewUITests" */ = {
			isa = XCConfigurationList;
			buildConfigurations = (
				C8DFDC1E2403831200F59A17 /* Debug */,
				C8DFDC1F2403831200F59A17 /* Release */,
			);
			defaultConfigurationIsVisible = 0;
			defaultConfigurationName = Release;
		};
/* End XCConfigurationList section */
	};
	rootObject = C8DFDBE52403830D00F59A17 /* Project object */;
}
